
Microsoft Visual Studio Solution File, Format Version 12.00
# Visual Studio Version 17
VisualStudioVersion = 17.14.36511.14 d17.14
MinimumVisualStudioVersion = 10.0.40219.1
Project("{FAE04EC0-301F-11D3-BF4B-00C04F79EFBC}") = "AutoReview", "AutoReview.csproj", "{FAFA3F2F-BFEA-4B50-8C7C-692D15902E32}"
EndProject
Global
	GlobalSection(SolutionConfigurationPlatforms) = preSolution
		Debug|Any CPU = Debug|Any CPU
		Release|Any CPU = Release|Any CPU
	EndGlobalSection
	GlobalSection(ProjectConfigurationPlatforms) = postSolution
		{FAFA3F2F-BFEA-4B50-8C7C-692D15902E32}.Debug|Any CPU.ActiveCfg = Debug|Any CPU
		{FAFA3F2F-BFEA-4B50-8C7C-692D15902E32}.Debug|Any CPU.Build.0 = Debug|Any CPU
		{FAFA3F2F-BFEA-4B50-8C7C-692D15902E32}.Release|Any CPU.ActiveCfg = Release|Any CPU
		{FAFA3F2F-BFEA-4B50-8C7C-692D15902E32}.Release|Any CPU.Build.0 = Release|Any CPU
	EndGlobalSection
	GlobalSection(SolutionProperties) = preSolution
		HideSolutionNode = FALSE
	EndGlobalSection
	GlobalSection(ExtensibilityGlobals) = postSolution
		SolutionGuid = {18B7CE15-20AC-4497-92AA-FD863B8FB92C}
	EndGlobalSection
EndGlobal
